
Microsoft Visual Studio Solution File, Format Version 12.00
# Visual Studio Version 16
VisualStudioVersion = 16.0.30804.86
MinimumVisualStudioVersion = 10.0.40219.1
Project("{FAE04EC0-301F-11D3-BF4B-00C04F79EFBC}") = "alundramultitool", "alundramultitool.csproj", "{19B2D831-E22B-46AB-95CA-9B8A35C7EC33}"
EndProject
Global
	GlobalSection(SolutionConfigurationPlatforms) = preSolution
		Debug|x86 = Debug|x86
		Release|x86 = Release|x86
	EndGlobalSection
	GlobalSection(ProjectConfigurationPlatforms) = postSolution
		{19B2D831-E22B-46AB-95CA-9B8A35C7EC33}.Debug|x86.ActiveCfg = Debug|x86
		{19B2D831-E22B-46AB-95CA-9B8A35C7EC33}.Debug|x86.Build.0 = Debug|x86
		{19B2D831-E22B-46AB-95CA-9B8A35C7EC33}.Release|x86.ActiveCfg = Release|x86
		{19B2D831-E22B-46AB-95CA-9B8A35C7EC33}.Release|x86.Build.0 = Release|x86
	EndGlobalSection
	GlobalSection(SolutionProperties) = preSolution
		HideSolutionNode = FALSE
	EndGlobalSection
	GlobalSection(ExtensibilityGlobals) = postSolution
		SolutionGuid = {7ADC5858-1CC1-4139-AD20-64BD651CDDFA}
	EndGlobalSection
EndGlobal
